// !$*UTF8*$!
{
	archiveVersion = 1;
	classes = {
	};
	objectVersion = 46;
	objects = {

/* Begin PBXBuildFile section */
		5F37F11419C299BF00862995 /* AppDelegate.swift in Sources */ = {isa = PBXBuildFile; fileRef = 5F37F11319C299BF00862995 /* AppDelegate.swift */; };
		5F37F11619C299BF00862995 /* ViewController.swift in Sources */ = {isa = PBXBuildFile; fileRef = 5F37F11519C299BF00862995 /* ViewController.swift */; };
		5F37F11919C299BF00862995 /* Main.storyboard in Resources */ = {isa = PBXBuildFile; fileRef = 5F37F11719C299BF00862995 /* Main.storyboard */; };
		5F37F11B19C299BF00862995 /* Images.xcassets in Resources */ = {isa = PBXBuildFile; fileRef = 5F37F11A19C299BF00862995 /* Images.xcassets */; };
		5F37F11E19C299BF00862995 /* LaunchScreen.xib in Resources */ = {isa = PBXBuildFile; fileRef = 5F37F11C19C299BF00862995 /* LaunchScreen.xib */; };
		5F37F12A19C299BF00862995 /* PostcardTests.swift in Sources */ = {isa = PBXBuildFile; fileRef = 5F37F12919C299BF00862995 /* PostcardTests.swift */; };
		5F37F13419C2B59E00862995 /* SagradaFamilia.jpeg in Resources */ = {isa = PBXBuildFile; fileRef = 5F37F13319C2B59E00862995 /* SagradaFamilia.jpeg */; };
		5F37F13619C2BA2400862995 /* AlbertEinsteinStamp.jpg in Resources */ = {isa = PBXBuildFile; fileRef = 5F37F13519C2BA2400862995 /* AlbertEinsteinStamp.jpg */; };
/* End PBXBuildFile section */

/* Begin PBXContainerItemProxy section */
		5F37F12419C299BF00862995 /* PBXContainerItemProxy */ = {
			isa = PBXContainerItemProxy;
			containerPortal = 5F37F10619C299BF00862995 /* Project object */;
			proxyType = 1;
			remoteGlobalIDString = 5F37F10D19C299BF00862995;
			remoteInfo = Postcard;
		};
/* End PBXContainerItemProxy section */

/* Begin PBXFileReference section */
		5F37F10E19C299BF00862995 /* Postcard.app */ = {isa = PBXFileReference; explicitFileType = wrapper.application; includeInIndex = 0; path = Postcard.app; sourceTree = BUILT_PRODUCTS_DIR; };
		5F37F11219C299BF00862995 /* Info.plist */ = {isa = PBXFileReference; lastKnownFileType = text.plist.xml; path = Info.plist; sourceTree = "<group>"; };
		5F37F11319C299BF00862995 /* AppDelegate.swift */ = {isa = PBXFileReference; lastKnownFileType = sourcecode.swift; path = AppDelegate.swift; sourceTree = "<group>"; };
		5F37F11519C299BF00862995 /* ViewController.swift */ = {isa = PBXFileReference; lastKnownFileType = sourcecode.swift; path = ViewController.swift; sourceTree = "<group>"; };
		5F37F11819C299BF00862995 /* Base */ = {isa = PBXFileReference; lastKnownFileType = file.storyboard; name = Base; path = Base.lproj/Main.storyboard; sourceTree = "<group>"; };
		5F37F11A19C299BF00862995 /* Images.xcassets */ = {isa = PBXFileReference; lastKnownFileType = folder.assetcatalog; path = Images.xcassets; sourceTree = "<group>"; };
		5F37F11D19C299BF00862995 /* Base */ = {isa = PBXFileReference; lastKnownFileType = file.xib; name = Base; path = Base.lproj/LaunchScreen.xib; sourceTree = "<group>"; };
		5F37F12319C299BF00862995 /* PostcardTests.xctest */ = {isa = PBXFileReference; explicitFileType = wrapper.cfbundle; includeInIndex = 0; path = PostcardTests.xctest; sourceTree = BUILT_PRODUCTS_DIR; };
		5F37F12819C299BF00862995 /* Info.plist */ = {isa = PBXFileReference; lastKnownFileType = text.plist.xml; path = Info.plist; sourceTree = "<group>"; };
		5F37F12919C299BF00862995 /* PostcardTests.swift */ = {isa = PBXFileReference; lastKnownFileType = sourcecode.swift; path = PostcardTests.swift; sourceTree = "<group>"; };
		5F37F13319C2B59E00862995 /* SagradaFamilia.jpeg */ = {isa = PBXFileReference; lastKnownFileType = image.jpeg; path = SagradaFamilia.jpeg; sourceTree = "<group>"; };
		5F37F13519C2BA2400862995 /* AlbertEinsteinStamp.jpg */ = {isa = PBXFileReference; lastKnownFileType = image.jpeg; path = AlbertEinsteinStamp.jpg; sourceTree = "<group>"; };
/* End PBXFileReference section */

/* Begin PBXFrameworksBuildPhase section */
		5F37F10B19C299BF00862995 /* Frameworks */ = {
			isa = PBXFrameworksBuildPhase;
			buildActionMask = 2147483647;
			files = (
			);
			runOnlyForDeploymentPostprocessing = 0;
		};
		5F37F12019C299BF00862995 /* Frameworks */ = {
			isa = PBXFrameworksBuildPhase;
			buildActionMask = 2147483647;
			files = (
			);
			runOnlyForDeploymentPostprocessing = 0;
		};
/* End PBXFrameworksBuildPhase section */

/* Begin PBXGroup section */
		5F37F10519C299BF00862995 = {
			isa = PBXGroup;
			children = (
				5F37F11019C299BF00862995 /* Postcard */,
				5F37F12619C299BF00862995 /* PostcardTests */,
				5F37F10F19C299BF00862995 /* Products */,
			);
			sourceTree = "<group>";
		};
		5F37F10F19C299BF00862995 /* Products */ = {
			isa = PBXGroup;
			children = (
				5F37F10E19C299BF00862995 /* Postcard.app */,
				5F37F12319C299BF00862995 /* PostcardTests.xctest */,
			);
			name = Products;
			sourceTree = "<group>";
		};
		5F37F11019C299BF00862995 /* Postcard */ = {
			isa = PBXGroup;
			children = (
				5F37F11319C299BF00862995 /* AppDelegate.swift */,
				5F37F11519C299BF00862995 /* ViewController.swift */,
				5F37F11719C299BF00862995 /* Main.storyboard */,
				5F37F11A19C299BF00862995 /* Images.xcassets */,
				5F37F11C19C299BF00862995 /* LaunchScreen.xib */,
				5F37F11119C299BF00862995 /* Supporting Files */,
			);
			path = Postcard;
			sourceTree = "<group>";
		};
		5F37F11119C299BF00862995 /* Supporting Files */ = {
			isa = PBXGroup;
			children = (
				5F37F13519C2BA2400862995 /* AlbertEinsteinStamp.jpg */,
				5F37F13319C2B59E00862995 /* SagradaFamilia.jpeg */,
				5F37F11219C299BF00862995 /* Info.plist */,
			);
			name = "Supporting Files";
			sourceTree = "<group>";
		};
		5F37F12619C299BF00862995 /* PostcardTests */ = {
			isa = PBXGroup;
			children = (
				5F37F12919C299BF00862995 /* PostcardTests.swift */,
				5F37F12719C299BF00862995 /* Supporting Files */,
			);
			path = PostcardTests;
			sourceTree = "<group>";
		};
		5F37F12719C299BF00862995 /* Supporting Files */ = {
			isa = PBXGroup;
			children = (
				5F37F12819C299BF00862995 /* Info.plist */,
			);
			name = "Supporting Files";
			sourceTree = "<group>";
		};
/* End PBXGroup section */

/* Begin PBXNativeTarget section */
		5F37F10D19C299BF00862995 /* Postcard */ = {
			isa = PBXNativeTarget;
			buildConfigurationList = 5F37F12D19C299BF00862995 /* Build configuration list for PBXNativeTarget "Postcard" */;
			buildPhases = (
				5F37F10A19C299BF00862995 /* Sources */,
				5F37F10B19C299BF00862995 /* Frameworks */,
				5F37F10C19C299BF00862995 /* Resources */,
			);
			buildRules = (
			);
			dependencies = (
			);
			name = Postcard;
			productName = Postcard;
			productReference = 5F37F10E19C299BF00862995 /* Postcard.app */;
			productType = "com.apple.product-type.application";
		};
		5F37F12219C299BF00862995 /* PostcardTests */ = {
			isa = PBXNativeTarget;
			buildConfigurationList = 5F37F13019C299BF00862995 /* Build configuration list for PBXNativeTarget "PostcardTests" */;
			buildPhases = (
				5F37F11F19C299BF00862995 /* Sources */,
				5F37F12019C299BF00862995 /* Frameworks */,
				5F37F12119C299BF00862995 /* Resources */,
			);
			buildRules = (
			);
			dependencies = (
				5F37F12519C299BF00862995 /* PBXTargetDependency */,
			);
			name = PostcardTests;
			productName = PostcardTests;
			productReference = 5F37F12319C299BF00862995 /* PostcardTests.xctest */;
			productType = "com.apple.product-type.bundle.unit-test";
		};
/* End PBXNativeTarget section */

/* Begin PBXProject section */
		5F37F10619C299BF00862995 /* Project object */ = {
			isa = PBXProject;
			attributes = {
				LastUpgradeCheck = 0600;
				ORGANIZATIONNAME = "Great American Insurance Group";
				TargetAttributes = {
					5F37F10D19C299BF00862995 = {
						CreatedOnToolsVersion = 6.0;
					};
					5F37F12219C299BF00862995 = {
						CreatedOnToolsVersion = 6.0;
						TestTargetID = 5F37F10D19C299BF00862995;
					};
				};
			};
			buildConfigurationList = 5F37F10919C299BF00862995 /* Build configuration list for PBXProject "Postcard" */;
			compatibilityVersion = "Xcode 3.2";
			developmentRegion = English;
			hasScannedForEncodings = 0;
			knownRegions = (
				en,
				Base,
			);
			mainGroup = 5F37F10519C299BF00862995;
			productRefGroup = 5F37F10F19C299BF00862995 /* Products */;
			projectDirPath = "";
			projectRoot = "";
			targets = (
				5F37F10D19C299BF00862995 /* Postcard */,
				5F37F12219C299BF00862995 /* PostcardTests */,
			);
		};
/* End PBXProject section */

/* Begin PBXResourcesBuildPhase section */
		5F37F10C19C299BF00862995 /* Resources */ = {
			isa = PBXResourcesBuildPhase;
			buildActionMask = 2147483647;
			files = (
				5F37F11919C299BF00862995 /* Main.storyboard in Resources */,
				5F37F13419C2B59E00862995 /* SagradaFamilia.jpeg in Resources */,
				5F37F13619C2BA2400862995 /* AlbertEinsteinStamp.jpg in Resources */,
				5F37F11E19C299BF00862995 /* LaunchScreen.xib in Resources */,
				5F37F11B19C299BF00862995 /* Images.xcassets in Resources */,
			);
			runOnlyForDeploymentPostprocessing = 0;
		};
		5F37F12119C299BF00862995 /* Resources */ = {
			isa = PBXResourcesBuildPhase;
			buildActionMask = 2147483647;
			files = (
			);
			runOnlyForDeploymentPostprocessing = 0;
		};
/* End PBXResourcesBuildPhase section */

/* Begin PBXSourcesBuildPhase section */
		5F37F10A19C299BF00862995 /* Sources */ = {
			isa = PBXSourcesBuildPhase;
			buildActionMask = 2147483647;
			files = (
				5F37F11619C299BF00862995 /* ViewController.swift in Sources */,
				5F37F11419C299BF00862995 /* AppDelegate.swift in Sources */,
			);
			runOnlyForDeploymentPostprocessing = 0;
		};
		5F37F11F19C299BF00862995 /* Sources */ = {
			isa = PBXSourcesBuildPhase;
			buildActionMask = 2147483647;
			files = (
				5F37F12A19C299BF00862995 /* PostcardTests.swift in Sources */,
			);
			runOnlyForDeploymentPostprocessing = 0;
		};
/* End PBXSourcesBuildPhase section */

/* Begin PBXTargetDependency section */
		5F37F12519C299BF00862995 /* PBXTargetDependency */ = {
			isa = PBXTargetDependency;
			target = 5F37F10D19C299BF00862995 /* Postcard */;
			targetProxy = 5F37F12419C299BF00862995 /* PBXContainerItemProxy */;
		};
/* End PBXTargetDependency section */

/* Begin PBXVariantGroup section */
		5F37F11719C299BF00862995 /* Main.storyboard */ = {
			isa = PBXVariantGroup;
			children = (
				5F37F11819C299BF00862995 /* Base */,
			);
			name = Main.storyboard;
			sourceTree = "<group>";
		};
		5F37F11C19C299BF00862995 /* LaunchScreen.xib */ = {
			isa = PBXVariantGroup;
			children = (
				5F37F11D19C299BF00862995 /* Base */,
			);
			name = LaunchScreen.xib;
			sourceTree = "<group>";
		};
/* End PBXVariantGroup section */

/* Begin XCBuildConfiguration section */
		5F37F12B19C299BF00862995 /* Debug */ = {
			isa = XCBuildConfiguration;
			buildSettings = {
				ALWAYS_SEARCH_USER_PATHS = NO;
				CLANG_CXX_LANGUAGE_STANDARD = "gnu++0x";
				CLANG_CXX_LIBRARY = "libc++";
				CLANG_ENABLE_MODULES = YES;
				CLANG_ENABLE_OBJC_ARC = YES;
				CLANG_WARN_BOOL_CONVERSION = YES;
				CLANG_WARN_CONSTANT_CONVERSION = YES;
				CLANG_WARN_DIRECT_OBJC_ISA_USAGE = YES_ERROR;
				CLANG_WARN_EMPTY_BODY = YES;
				CLANG_WARN_ENUM_CONVERSION = YES;
				CLANG_WARN_INT_CONVERSION = YES;
				CLANG_WARN_OBJC_ROOT_CLASS = YES_ERROR;
				CLANG_WARN_UNREACHABLE_CODE = YES;
				CLANG_WARN__DUPLICATE_METHOD_MATCH = YES;
				"CODE_SIGN_IDENTITY[sdk=iphoneos*]" = "iPhone Developer";
				COPY_PHASE_STRIP = NO;
				ENABLE_STRICT_OBJC_MSGSEND = YES;
				GCC_C_LANGUAGE_STANDARD = gnu99;
				GCC_DYNAMIC_NO_PIC = NO;
				GCC_OPTIMIZATION_LEVEL = 0;
				GCC_PREPROCESSOR_DEFINITIONS = (
					"DEBUG=1",
					"$(inherited)",
				);
				GCC_SYMBOLS_PRIVATE_EXTERN = NO;
				GCC_WARN_64_TO_32_BIT_CONVERSION = YES;
				GCC_WARN_ABOUT_RETURN_TYPE = YES_ERROR;
				GCC_WARN_UNDECLARED_SELECTOR = YES;
				GCC_WARN_UNINITIALIZED_AUTOS = YES_AGGRESSIVE;
				GCC_WARN_UNUSED_FUNCTION = YES;
				GCC_WARN_UNUSED_VARIABLE = YES;
				IPHONEOS_DEPLOYMENT_TARGET = 8.0;
				MTL_ENABLE_DEBUG_INFO = YES;
				ONLY_ACTIVE_ARCH = YES;
				SDKROOT = iphoneos;
				SWIFT_OPTIMIZATION_LEVEL = "-Onone";
			};
			name = Debug;
		};
		5F37F12C19C299BF00862995 /* Release */ = {
			isa = XCBuildConfiguration;
			buildSettings = {
				ALWAYS_SEARCH_USER_PATHS = NO;
				CLANG_CXX_LANGUAGE_STANDARD = "gnu++0x";
				CLANG_CXX_LIBRARY = "libc++";
				CLANG_ENABLE_MODULES = YES;
				CLANG_ENABLE_OBJC_ARC = YES;
				CLANG_WARN_BOOL_CONVERSION = YES;
				CLANG_WARN_CONSTANT_CONVERSION = YES;
				CLANG_WARN_DIRECT_OBJC_ISA_USAGE = YES_ERROR;
				CLANG_WARN_EMPTY_BODY = YES;
				CLANG_WARN_ENUM_CONVERSION = YES;
				CLANG_WARN_INT_CONVERSION = YES;
				CLANG_WARN_OBJC_ROOT_CLASS = YES_ERROR;
				CLANG_WARN_UNREACHABLE_CODE = YES;
				CLANG_WARN__DUPLICATE_METHOD_MATCH = YES;
				"CODE_SIGN_IDENTITY[sdk=iphoneos*]" = "iPhone Developer";
				COPY_PHASE_STRIP = YES;
				ENABLE_NS_ASSERTIONS = NO;
				ENABLE_STRICT_OBJC_MSGSEND = YES;
				GCC_C_LANGUAGE_STANDARD = gnu99;
				GCC_WARN_64_TO_32_BIT_CONVERSION = YES;
				GCC_WARN_ABOUT_RETURN_TYPE = YES_ERROR;
				GCC_WARN_UNDECLARED_SELECTOR = YES;
				GCC_WARN_UNINITIALIZED_AUTOS = YES_AGGRESSIVE;
				GCC_WARN_UNUSED_FUNCTION = YES;
				GCC_WARN_UNUSED_VARIABLE = YES;
				IPHONEOS_DEPLOYMENT_TARGET = 8.0;
				MTL_ENABLE_DEBUG_INFO = NO;
				SDKROOT = iphoneos;
				VALIDATE_PRODUCT = YES;
			};
			name = Release;
		};
		5F37F12E19C299BF00862995 /* Debug */ = {
			isa = XCBuildConfiguration;
			buildSettings = {
				ASSETCATALOG_COMPILER_APPICON_NAME = AppIcon;
				INFOPLIST_FILE = Postcard/Info.plist;
				LD_RUNPATH_SEARCH_PATHS = "$(inherited) @executable_path/Frameworks";
				PRODUCT_NAME = "$(TARGET_NAME)";
			};
			name = Debug;
		};
		5F37F12F19C299BF00862995 /* Release */ = {
			isa = XCBuildConfiguration;
			buildSettings = {
				ASSETCATALOG_COMPILER_APPICON_NAME = AppIcon;
				INFOPLIST_FILE = Postcard/Info.plist;
				LD_RUNPATH_SEARCH_PATHS = "$(inherited) @executable_path/Frameworks";
				PRODUCT_NAME = "$(TARGET_NAME)";
			};
			name = Release;
		};
		5F37F13119C299BF00862995 /* Debug */ = {
			isa = XCBuildConfiguration;
			buildSettings = {
				BUNDLE_LOADER = "$(TEST_HOST)";
				FRAMEWORK_SEARCH_PATHS = (
					"$(SDKROOT)/Developer/Library/Frameworks",
					"$(inherited)",
				);
				GCC_PREPROCESSOR_DEFINITIONS = (
					"DEBUG=1",
					"$(inherited)",
				);
				INFOPLIST_FILE = PostcardTests/Info.plist;
				LD_RUNPATH_SEARCH_PATHS = "$(inherited) @executable_path/Frameworks @loader_path/Frameworks";
				PRODUCT_NAME = "$(TARGET_NAME)";
				TEST_HOST = "$(BUILT_PRODUCTS_DIR)/Postcard.app/Postcard";
			};
			name = Debug;
		};
		5F37F13219C299BF00862995 /* Release */ = {
			isa = XCBuildConfiguration;
			buildSettings = {
				BUNDLE_LOADER = "$(TEST_HOST)";
				FRAMEWORK_SEARCH_PATHS = (
					"$(SDKROOT)/Developer/Library/Frameworks",
					"$(inherited)",
				);
				INFOPLIST_FILE = PostcardTests/Info.plist;
				LD_RUNPATH_SEARCH_PATHS = "$(inherited) @executable_path/Frameworks @loader_path/Frameworks";
				PRODUCT_NAME = "$(TARGET_NAME)";
				TEST_HOST = "$(BUILT_PRODUCTS_DIR)/Postcard.app/Postcard";
			};
			name = Release;
		};
/* End XCBuildConfiguration section */

/* Begin XCConfigurationList section */
		5F37F10919C299BF00862995 /* Build configuration list for PBXProject "Postcard" */ = {
			isa = XCConfigurationList;
			buildConfigurations = (
				5F37F12B19C299BF00862995 /* Debug */,
				5F37F12C19C299BF00862995 /* Release */,
			);
			defaultConfigurationIsVisible = 0;
			defaultConfigurationName = Release;
		};
		5F37F12D19C299BF00862995 /* Build configuration list for PBXNativeTarget "Postcard" */ = {
			isa = XCConfigurationList;
			buildConfigurations = (
				5F37F12E19C299BF00862995 /* Debug */,
				5F37F12F19C299BF00862995 /* Release */,
			);
			defaultConfigurationIsVisible = 0;
		};
		5F37F13019C299BF00862995 /* Build configuration list for PBXNativeTarget "PostcardTests" */ = {
			isa = XCConfigurationList;
			buildConfigurations = (
				5F37F13119C299BF00862995 /* Debug */,
				5F37F13219C299BF00862995 /* Release */,
			);
			defaultConfigurationIsVisible = 0;
		};
/* End XCConfigurationList section */
	};
	rootObject = 5F37F10619C299BF00862995 /* Project object */;
}
